
Microsoft Visual Studio Solution File, Format Version 12.00
# Visual Studio Version 17
VisualStudioVersion = 17.0.31903.59
MinimumVisualStudioVersion = 10.0.40219.1
Project("{FAE04EC0-301F-11D3-BF4B-00C04F79EFBC}") = "Magazine.Core", "Magazine.Core\Magazine.Core.csproj", "{D0EE9385-CC3E-4F75-A428-C0E0FD50230D}"
EndProject
Project("{FAE04EC0-301F-11D3-BF4B-00C04F79EFBC}") = "Magazine.WebApi", "Magazine.WebApi\Magazine.WebApi.csproj", "{8F046857-53BC-44C2-9926-749D11D4E8A1}"
EndProject
Project("{FAE04EC0-301F-11D3-BF4B-00C04F79EFBC}") = "MagazineTests", "MagazineTests\MagazineTests.csproj", "{F67E4B21-5A34-4F7C-AA9B-33B7B9B7E3AE}"
EndProject
Global
	GlobalSection(SolutionConfigurationPlatforms) = preSolution
		Debug|Any CPU = Debug|Any CPU
		Debug|x64 = Debug|x64
		Debug|x86 = Debug|x86
		Release|Any CPU = Release|Any CPU
		Release|x64 = Release|x64
		Release|x86 = Release|x86
	EndGlobalSection
	GlobalSection(ProjectConfigurationPlatforms) = postSolution
		{D0EE9385-CC3E-4F75-A428-C0E0FD50230D}.Debug|Any CPU.ActiveCfg = Debug|Any CPU
		{D0EE9385-CC3E-4F75-A428-C0E0FD50230D}.Debug|Any CPU.Build.0 = Debug|Any CPU
		{D0EE9385-CC3E-4F75-A428-C0E0FD50230D}.Debug|x64.ActiveCfg = Debug|Any CPU
		{D0EE9385-CC3E-4F75-A428-C0E0FD50230D}.Debug|x64.Build.0 = Debug|Any CPU
		{D0EE9385-CC3E-4F75-A428-C0E0FD50230D}.Debug|x86.ActiveCfg = Debug|Any CPU
		{D0EE9385-CC3E-4F75-A428-C0E0FD50230D}.Debug|x86.Build.0 = Debug|Any CPU
		{D0EE9385-CC3E-4F75-A428-C0E0FD50230D}.Release|Any CPU.ActiveCfg = Release|Any CPU
		{D0EE9385-CC3E-4F75-A428-C0E0FD50230D}.Release|Any CPU.Build.0 = Release|Any CPU
		{D0EE9385-CC3E-4F75-A428-C0E0FD50230D}.Release|x64.ActiveCfg = Release|Any CPU
		{D0EE9385-CC3E-4F75-A428-C0E0FD50230D}.Release|x64.Build.0 = Release|Any CPU
		{D0EE9385-CC3E-4F75-A428-C0E0FD50230D}.Release|x86.ActiveCfg = Release|Any CPU
		{D0EE9385-CC3E-4F75-A428-C0E0FD50230D}.Release|x86.Build.0 = Release|Any CPU
		{8F046857-53BC-44C2-9926-749D11D4E8A1}.Debug|Any CPU.ActiveCfg = Debug|Any CPU
		{8F046857-53BC-44C2-9926-749D11D4E8A1}.Debug|Any CPU.Build.0 = Debug|Any CPU
		{8F046857-53BC-44C2-9926-749D11D4E8A1}.Debug|x64.ActiveCfg = Debug|Any CPU
		{8F046857-53BC-44C2-9926-749D11D4E8A1}.Debug|x64.Build.0 = Debug|Any CPU
		{8F046857-53BC-44C2-9926-749D11D4E8A1}.Debug|x86.ActiveCfg = Debug|Any CPU
		{8F046857-53BC-44C2-9926-749D11D4E8A1}.Debug|x86.Build.0 = Debug|Any CPU
		{8F046857-53BC-44C2-9926-749D11D4E8A1}.Release|Any CPU.ActiveCfg = Release|Any CPU
		{8F046857-53BC-44C2-9926-749D11D4E8A1}.Release|Any CPU.Build.0 = Release|Any CPU
		{8F046857-53BC-44C2-9926-749D11D4E8A1}.Release|x64.ActiveCfg = Release|Any CPU
		{8F046857-53BC-44C2-9926-749D11D4E8A1}.Release|x64.Build.0 = Release|Any CPU
		{8F046857-53BC-44C2-9926-749D11D4E8A1}.Release|x86.ActiveCfg = Release|Any CPU
		{8F046857-53BC-44C2-9926-749D11D4E8A1}.Release|x86.Build.0 = Release|Any CPU
		{F67E4B21-5A34-4F7C-AA9B-33B7B9B7E3AE}.Debug|Any CPU.ActiveCfg = Debug|Any CPU
		{F67E4B21-5A34-4F7C-AA9B-33B7B9B7E3AE}.Debug|Any CPU.Build.0 = Debug|Any CPU
		{F67E4B21-5A34-4F7C-AA9B-33B7B9B7E3AE}.Debug|x64.ActiveCfg = Debug|Any CPU
		{F67E4B21-5A34-4F7C-AA9B-33B7B9B7E3AE}.Debug|x64.Build.0 = Debug|Any CPU
		{F67E4B21-5A34-4F7C-AA9B-33B7B9B7E3AE}.Debug|x86.ActiveCfg = Debug|Any CPU
		{F67E4B21-5A34-4F7C-AA9B-33B7B9B7E3AE}.Debug|x86.Build.0 = Debug|Any CPU
		{F67E4B21-5A34-4F7C-AA9B-33B7B9B7E3AE}.Release|Any CPU.ActiveCfg = Release|Any CPU
		{F67E4B21-5A34-4F7C-AA9B-33B7B9B7E3AE}.Release|Any CPU.Build.0 = Release|Any CPU
		{F67E4B21-5A34-4F7C-AA9B-33B7B9B7E3AE}.Release|x64.ActiveCfg = Release|Any CPU
		{F67E4B21-5A34-4F7C-AA9B-33B7B9B7E3AE}.Release|x64.Build.0 = Release|Any CPU
		{F67E4B21-5A34-4F7C-AA9B-33B7B9B7E3AE}.Release|x86.ActiveCfg = Release|Any CPU
		{F67E4B21-5A34-4F7C-AA9B-33B7B9B7E3AE}.Release|x86.Build.0 = Release|Any CPU
	EndGlobalSection
	GlobalSection(SolutionProperties) = preSolution
		HideSolutionNode = FALSE
	EndGlobalSection
	GlobalSection(ExtensibilityGlobals) = postSolution
		SolutionGuid = {152870EA-1095-409F-B533-2FAFC4A9B628}
	EndGlobalSection
EndGlobal
